
Microsoft Visual Studio Solution File, Format Version 12.00
# Visual Studio Version 17
VisualStudioVersion = 17.11.35312.102
MinimumVisualStudioVersion = 10.0.40219.1
Project("{2150E333-8FDC-42A3-9474-1A3956D46DE8}") = "Task0", "Task0", "{F39E46E9-2536-4E00-81D5-9665FF9DE09E}"
EndProject
Project("{9A19103F-16F7-4668-BE54-9A1E7A4F7556}") = "Tyuiu.NovikovDS.Sprint4.Task0.V17", "Tyuiu.NovikovDS.Sprint4.Task0.V17\Tyuiu.NovikovDS.Sprint4.Task0.V17.csproj", "{301D8FAF-C788-4A1F-87F1-605015E02575}"
EndProject
Project("{9A19103F-16F7-4668-BE54-9A1E7A4F7556}") = "Tyuiu.NovikovDS.Sprint4.Task0.V17.Lib", "Tyuiu.NovikovDS.Sprint4.Task0.V17.Lib\Tyuiu.NovikovDS.Sprint4.Task0.V17.Lib.csproj", "{D5B068D8-C670-4038-86AB-DD4B17A07C07}"
EndProject
Project("{9A19103F-16F7-4668-BE54-9A1E7A4F7556}") = "Tyuiu.NovikovDS.Sprint4.Task0.V17.Test", "Tyuiu.NovikovDS.Sprint4.Task0.V17.Test\Tyuiu.NovikovDS.Sprint4.Task0.V17.Test.csproj", "{6DCB9A53-87C6-4D08-AF35-3CE9C804F98B}"
EndProject
Project("{2150E333-8FDC-42A3-9474-1A3956D46DE8}") = "Task1", "Task1", "{A8B9F206-7BA6-4258-849F-224FB0FF013C}"
EndProject
Project("{9A19103F-16F7-4668-BE54-9A1E7A4F7556}") = "Tyuiu.NovikovDS.Sprint4.Task1.V6", "Tyuiu.NovikovDS.Sprint4.Task1.V6\Tyuiu.NovikovDS.Sprint4.Task1.V6.csproj", "{784F5181-0EFC-4F58-A9F6-6A5A3DF68737}"
EndProject
Project("{9A19103F-16F7-4668-BE54-9A1E7A4F7556}") = "Tyuiu.NovikovDS.Sprint4.Task1.V6.Lib", "Tyuiu.NovikovDS.Sprint4.Task1.V6.Lib\Tyuiu.NovikovDS.Sprint4.Task1.V6.Lib.csproj", "{A1270367-54D2-4B1D-A3F1-0E844A1DF15A}"
EndProject
Project("{9A19103F-16F7-4668-BE54-9A1E7A4F7556}") = "Tyuiu.NovikovDS.Sprint4.Task1.V6.Test", "Tyuiu.NovikovDS.Sprint4.Task1.V6.Test\Tyuiu.NovikovDS.Sprint4.Task1.V6.Test.csproj", "{F9DCFFFB-5497-4D7E-BB34-115C8690CB87}"
EndProject
Project("{2150E333-8FDC-42A3-9474-1A3956D46DE8}") = "Task2", "Task2", "{760FD703-1A65-46B0-B3B9-6B7B9F76A340}"
EndProject
Project("{FAE04EC0-301F-11D3-BF4B-00C04F79EFBC}") = "Tyuiu.NovikovDS.Sprint4.Task2.V14", "Tyuiu.NovikovDS.Sprint4.Task2.V14\Tyuiu.NovikovDS.Sprint4.Task2.V14.csproj", "{86D64608-655E-4BC8-A636-1D313D9EEE09}"
EndProject
Project("{FAE04EC0-301F-11D3-BF4B-00C04F79EFBC}") = "Tyuiu.NovikovDS.Sprint4.Task2.V14.Lib", "Tyuiu.NovikovDS.Sprint4.Task2.V14.Lib\Tyuiu.NovikovDS.Sprint4.Task2.V14.Lib.csproj", "{72C0B03E-DF02-40C5-8FF9-03A63CDE28D9}"
EndProject
Project("{FAE04EC0-301F-11D3-BF4B-00C04F79EFBC}") = "Tyuiu.NovikovDS.Sprint4.Task2.V14.Test", "Tyuiu.NovikovDS.Sprint4.Task2.V14.Test\Tyuiu.NovikovDS.Sprint4.Task2.V14.Test.csproj", "{5196ED29-09B0-457B-8E31-5FAA59AC53A3}"
EndProject
Project("{2150E333-8FDC-42A3-9474-1A3956D46DE8}") = "Task3", "Task3", "{133AA4A5-A36A-4A4B-888D-8B0CD88C639B}"
EndProject
Project("{FAE04EC0-301F-11D3-BF4B-00C04F79EFBC}") = "Tyuiu.NovikovDS.Sprint4.Task3.V16", "Tyuiu.NovikovDS.Sprint4.Task3.V16\Tyuiu.NovikovDS.Sprint4.Task3.V16.csproj", "{B2094A44-AE57-4A42-9C14-43AE4071ACD5}"
EndProject
Project("{FAE04EC0-301F-11D3-BF4B-00C04F79EFBC}") = "Tyuiu.NovikovDS.Sprint4.Task3.V16.Lib", "Tyuiu.NovikovDS.Sprint4.Task3.V16.Lib\Tyuiu.NovikovDS.Sprint4.Task3.V16.Lib.csproj", "{84B6D0F8-8DDD-4550-AB33-3CD6427064F5}"
EndProject
Project("{FAE04EC0-301F-11D3-BF4B-00C04F79EFBC}") = "Tyuiu.NovikovDS.Sprint4.Task3.V16.Test", "Tyuiu.NovikovDS.Sprint4.Task3.V16.Test\Tyuiu.NovikovDS.Sprint4.Task3.V16.Test.csproj", "{628299EA-B335-40C4-BEDB-427FFA9AA799}"
EndProject
Project("{2150E333-8FDC-42A3-9474-1A3956D46DE8}") = "Task4", "Task4", "{DBF8DC35-058B-4839-B29D-B84C5E251D83}"
EndProject
Project("{FAE04EC0-301F-11D3-BF4B-00C04F79EFBC}") = "Tyuiu.NovikovDS.Sprint4.Task4.V24", "Tyuiu.NovikovDS.Sprint4.Task4.V24\Tyuiu.NovikovDS.Sprint4.Task4.V24.csproj", "{79D2E86D-3DCA-4AA9-A01E-469F2540C7C5}"
EndProject
Project("{FAE04EC0-301F-11D3-BF4B-00C04F79EFBC}") = "Tyuiu.NovikovDS.Sprint4.Task4.V24.Lib", "Tyuiu.NovikovDS.Sprint4.Task4.V24.Lib\Tyuiu.NovikovDS.Sprint4.Task4.V24.Lib.csproj", "{AA21E666-5470-4382-A8DC-05255667F96A}"
EndProject
Project("{FAE04EC0-301F-11D3-BF4B-00C04F79EFBC}") = "Tyuiu.NovikovDS.Sprint4.Task4.V24.Test", "Tyuiu.NovikovDS.Sprint4.Task4.V24.Test\Tyuiu.NovikovDS.Sprint4.Task4.V24.Test.csproj", "{2F63A434-8353-40AA-B22C-35B7824D5157}"
EndProject
Project("{2150E333-8FDC-42A3-9474-1A3956D46DE8}") = "Task5", "Task5", "{4AEB75A9-0E1B-432D-B470-A2133AD56763}"
EndProject
Project("{FAE04EC0-301F-11D3-BF4B-00C04F79EFBC}") = "Tyuiu.NovikovDS.Sprint4.Task5.V18", "Tyuiu.NovikovDS.Sprint4.Task5.V18\Tyuiu.NovikovDS.Sprint4.Task5.V18.csproj", "{172CB937-F41B-4FC8-860C-A7EF491709E3}"
EndProject
Project("{FAE04EC0-301F-11D3-BF4B-00C04F79EFBC}") = "Tyuiu.NovikovDS.Sprint4.Task5.V18.Lib", "Tyuiu.NovikovDS.Sprint4.Task5.V18.Lib\Tyuiu.NovikovDS.Sprint4.Task5.V18.Lib.csproj", "{5BB2D61E-3176-47E6-A955-22BBEF82B2D6}"
EndProject
Project("{FAE04EC0-301F-11D3-BF4B-00C04F79EFBC}") = "Tyuiu.NovikovDS.Sprint4.Task5.V18.Test", "Tyuiu.NovikovDS.Sprint4.Task5.V18.Test\Tyuiu.NovikovDS.Sprint4.Task5.V18.Test.csproj", "{AB03AD20-7A50-4C62-BDB3-31DF628F8856}"
EndProject
Global
	GlobalSection(SolutionConfigurationPlatforms) = preSolution
		Debug|Any CPU = Debug|Any CPU
		Release|Any CPU = Release|Any CPU
	EndGlobalSection
	GlobalSection(ProjectConfigurationPlatforms) = postSolution
		{301D8FAF-C788-4A1F-87F1-605015E02575}.Debug|Any CPU.ActiveCfg = Debug|Any CPU
		{301D8FAF-C788-4A1F-87F1-605015E02575}.Debug|Any CPU.Build.0 = Debug|Any CPU
		{301D8FAF-C788-4A1F-87F1-605015E02575}.Release|Any CPU.ActiveCfg = Release|Any CPU
		{301D8FAF-C788-4A1F-87F1-605015E02575}.Release|Any CPU.Build.0 = Release|Any CPU
		{D5B068D8-C670-4038-86AB-DD4B17A07C07}.Debug|Any CPU.ActiveCfg = Debug|Any CPU
		{D5B068D8-C670-4038-86AB-DD4B17A07C07}.Debug|Any CPU.Build.0 = Debug|Any CPU
		{D5B068D8-C670-4038-86AB-DD4B17A07C07}.Release|Any CPU.ActiveCfg = Release|Any CPU
		{D5B068D8-C670-4038-86AB-DD4B17A07C07}.Release|Any CPU.Build.0 = Release|Any CPU
		{6DCB9A53-87C6-4D08-AF35-3CE9C804F98B}.Debug|Any CPU.ActiveCfg = Debug|Any CPU
		{6DCB9A53-87C6-4D08-AF35-3CE9C804F98B}.Debug|Any CPU.Build.0 = Debug|Any CPU
		{6DCB9A53-87C6-4D08-AF35-3CE9C804F98B}.Release|Any CPU.ActiveCfg = Release|Any CPU
		{6DCB9A53-87C6-4D08-AF35-3CE9C804F98B}.Release|Any CPU.Build.0 = Release|Any CPU
		{784F5181-0EFC-4F58-A9F6-6A5A3DF68737}.Debug|Any CPU.ActiveCfg = Debug|Any CPU
		{784F5181-0EFC-4F58-A9F6-6A5A3DF68737}.Debug|Any CPU.Build.0 = Debug|Any CPU
		{784F5181-0EFC-4F58-A9F6-6A5A3DF68737}.Release|Any CPU.ActiveCfg = Release|Any CPU
		{784F5181-0EFC-4F58-A9F6-6A5A3DF68737}.Release|Any CPU.Build.0 = Release|Any CPU
		{A1270367-54D2-4B1D-A3F1-0E844A1DF15A}.Debug|Any CPU.ActiveCfg = Debug|Any CPU
		{A1270367-54D2-4B1D-A3F1-0E844A1DF15A}.Debug|Any CPU.Build.0 = Debug|Any CPU
		{A1270367-54D2-4B1D-A3F1-0E844A1DF15A}.Release|Any CPU.ActiveCfg = Release|Any CPU
		{A1270367-54D2-4B1D-A3F1-0E844A1DF15A}.Release|Any CPU.Build.0 = Release|Any CPU
		{F9DCFFFB-5497-4D7E-BB34-115C8690CB87}.Debug|Any CPU.ActiveCfg = Debug|Any CPU
		{F9DCFFFB-5497-4D7E-BB34-115C8690CB87}.Debug|Any CPU.Build.0 = Debug|Any CPU
		{F9DCFFFB-5497-4D7E-BB34-115C8690CB87}.Release|Any CPU.ActiveCfg = Release|Any CPU
		{F9DCFFFB-5497-4D7E-BB34-115C8690CB87}.Release|Any CPU.Build.0 = Release|Any CPU
		{86D64608-655E-4BC8-A636-1D313D9EEE09}.Debug|Any CPU.ActiveCfg = Debug|Any CPU
		{86D64608-655E-4BC8-A636-1D313D9EEE09}.Debug|Any CPU.Build.0 = Debug|Any CPU
		{86D64608-655E-4BC8-A636-1D313D9EEE09}.Release|Any CPU.ActiveCfg = Release|Any CPU
		{86D64608-655E-4BC8-A636-1D313D9EEE09}.Release|Any CPU.Build.0 = Release|Any CPU
		{72C0B03E-DF02-40C5-8FF9-03A63CDE28D9}.Debug|Any CPU.ActiveCfg = Debug|Any CPU
		{72C0B03E-DF02-40C5-8FF9-03A63CDE28D9}.Debug|Any CPU.Build.0 = Debug|Any CPU
		{72C0B03E-DF02-40C5-8FF9-03A63CDE28D9}.Release|Any CPU.ActiveCfg = Release|Any CPU
		{72C0B03E-DF02-40C5-8FF9-03A63CDE28D9}.Release|Any CPU.Build.0 = Release|Any CPU
		{5196ED29-09B0-457B-8E31-5FAA59AC53A3}.Debug|Any CPU.ActiveCfg = Debug|Any CPU
		{5196ED29-09B0-457B-8E31-5FAA59AC53A3}.Debug|Any CPU.Build.0 = Debug|Any CPU
		{5196ED29-09B0-457B-8E31-5FAA59AC53A3}.Release|Any CPU.ActiveCfg = Release|Any CPU
		{5196ED29-09B0-457B-8E31-5FAA59AC53A3}.Release|Any CPU.Build.0 = Release|Any CPU
		{B2094A44-AE57-4A42-9C14-43AE4071ACD5}.Debug|Any CPU.ActiveCfg = Debug|Any CPU
		{B2094A44-AE57-4A42-9C14-43AE4071ACD5}.Debug|Any CPU.Build.0 = Debug|Any CPU
		{B2094A44-AE57-4A42-9C14-43AE4071ACD5}.Release|Any CPU.ActiveCfg = Release|Any CPU
		{B2094A44-AE57-4A42-9C14-43AE4071ACD5}.Release|Any CPU.Build.0 = Release|Any CPU
		{84B6D0F8-8DDD-4550-AB33-3CD6427064F5}.Debug|Any CPU.ActiveCfg = Debug|Any CPU
		{84B6D0F8-8DDD-4550-AB33-3CD6427064F5}.Debug|Any CPU.Build.0 = Debug|Any CPU
		{84B6D0F8-8DDD-4550-AB33-3CD6427064F5}.Release|Any CPU.ActiveCfg = Release|Any CPU
		{84B6D0F8-8DDD-4550-AB33-3CD6427064F5}.Release|Any CPU.Build.0 = Release|Any CPU
		{628299EA-B335-40C4-BEDB-427FFA9AA799}.Debug|Any CPU.ActiveCfg = Debug|Any CPU
		{628299EA-B335-40C4-BEDB-427FFA9AA799}.Debug|Any CPU.Build.0 = Debug|Any CPU
		{628299EA-B335-40C4-BEDB-427FFA9AA799}.Release|Any CPU.ActiveCfg = Release|Any CPU
		{628299EA-B335-40C4-BEDB-427FFA9AA799}.Release|Any CPU.Build.0 = Release|Any CPU
		{79D2E86D-3DCA-4AA9-A01E-469F2540C7C5}.Debug|Any CPU.ActiveCfg = Debug|Any CPU
		{79D2E86D-3DCA-4AA9-A01E-469F2540C7C5}.Debug|Any CPU.Build.0 = Debug|Any CPU
		{79D2E86D-3DCA-4AA9-A01E-469F2540C7C5}.Release|Any CPU.ActiveCfg = Release|Any CPU
		{79D2E86D-3DCA-4AA9-A01E-469F2540C7C5}.Release|Any CPU.Build.0 = Release|Any CPU
		{AA21E666-5470-4382-A8DC-05255667F96A}.Debug|Any CPU.ActiveCfg = Debug|Any CPU
		{AA21E666-5470-4382-A8DC-05255667F96A}.Debug|Any CPU.Build.0 = Debug|Any CPU
		{AA21E666-5470-4382-A8DC-05255667F96A}.Release|Any CPU.ActiveCfg = Release|Any CPU
		{AA21E666-5470-4382-A8DC-05255667F96A}.Release|Any CPU.Build.0 = Release|Any CPU
		{2F63A434-8353-40AA-B22C-35B7824D5157}.Debug|Any CPU.ActiveCfg = Debug|Any CPU
		{2F63A434-8353-40AA-B22C-35B7824D5157}.Debug|Any CPU.Build.0 = Debug|Any CPU
		{2F63A434-8353-40AA-B22C-35B7824D5157}.Release|Any CPU.ActiveCfg = Release|Any CPU
		{2F63A434-8353-40AA-B22C-35B7824D5157}.Release|Any CPU.Build.0 = Release|Any CPU
		{172CB937-F41B-4FC8-860C-A7EF491709E3}.Debug|Any CPU.ActiveCfg = Debug|Any CPU
		{172CB937-F41B-4FC8-860C-A7EF491709E3}.Debug|Any CPU.Build.0 = Debug|Any CPU
		{172CB937-F41B-4FC8-860C-A7EF491709E3}.Release|Any CPU.ActiveCfg = Release|Any CPU
		{172CB937-F41B-4FC8-860C-A7EF491709E3}.Release|Any CPU.Build.0 = Release|Any CPU
		{5BB2D61E-3176-47E6-A955-22BBEF82B2D6}.Debug|Any CPU.ActiveCfg = Debug|Any CPU
		{5BB2D61E-3176-47E6-A955-22BBEF82B2D6}.Debug|Any CPU.Build.0 = Debug|Any CPU
		{5BB2D61E-3176-47E6-A955-22BBEF82B2D6}.Release|Any CPU.ActiveCfg = Release|Any CPU
		{5BB2D61E-3176-47E6-A955-22BBEF82B2D6}.Release|Any CPU.Build.0 = Release|Any CPU
		{AB03AD20-7A50-4C62-BDB3-31DF628F8856}.Debug|Any CPU.ActiveCfg = Debug|Any CPU
		{AB03AD20-7A50-4C62-BDB3-31DF628F8856}.Debug|Any CPU.Build.0 = Debug|Any CPU
		{AB03AD20-7A50-4C62-BDB3-31DF628F8856}.Release|Any CPU.ActiveCfg = Release|Any CPU
		{AB03AD20-7A50-4C62-BDB3-31DF628F8856}.Release|Any CPU.Build.0 = Release|Any CPU
	EndGlobalSection
	GlobalSection(SolutionProperties) = preSolution
		HideSolutionNode = FALSE
	EndGlobalSection
	GlobalSection(NestedProjects) = preSolution
		{301D8FAF-C788-4A1F-87F1-605015E02575} = {F39E46E9-2536-4E00-81D5-9665FF9DE09E}
		{D5B068D8-C670-4038-86AB-DD4B17A07C07} = {F39E46E9-2536-4E00-81D5-9665FF9DE09E}
		{6DCB9A53-87C6-4D08-AF35-3CE9C804F98B} = {F39E46E9-2536-4E00-81D5-9665FF9DE09E}
		{784F5181-0EFC-4F58-A9F6-6A5A3DF68737} = {A8B9F206-7BA6-4258-849F-224FB0FF013C}
		{A1270367-54D2-4B1D-A3F1-0E844A1DF15A} = {A8B9F206-7BA6-4258-849F-224FB0FF013C}
		{F9DCFFFB-5497-4D7E-BB34-115C8690CB87} = {A8B9F206-7BA6-4258-849F-224FB0FF013C}
		{86D64608-655E-4BC8-A636-1D313D9EEE09} = {760FD703-1A65-46B0-B3B9-6B7B9F76A340}
		{72C0B03E-DF02-40C5-8FF9-03A63CDE28D9} = {760FD703-1A65-46B0-B3B9-6B7B9F76A340}
		{5196ED29-09B0-457B-8E31-5FAA59AC53A3} = {760FD703-1A65-46B0-B3B9-6B7B9F76A340}
		{B2094A44-AE57-4A42-9C14-43AE4071ACD5} = {133AA4A5-A36A-4A4B-888D-8B0CD88C639B}
		{84B6D0F8-8DDD-4550-AB33-3CD6427064F5} = {133AA4A5-A36A-4A4B-888D-8B0CD88C639B}
		{628299EA-B335-40C4-BEDB-427FFA9AA799} = {133AA4A5-A36A-4A4B-888D-8B0CD88C639B}
		{79D2E86D-3DCA-4AA9-A01E-469F2540C7C5} = {DBF8DC35-058B-4839-B29D-B84C5E251D83}
		{AA21E666-5470-4382-A8DC-05255667F96A} = {DBF8DC35-058B-4839-B29D-B84C5E251D83}
		{2F63A434-8353-40AA-B22C-35B7824D5157} = {DBF8DC35-058B-4839-B29D-B84C5E251D83}
		{172CB937-F41B-4FC8-860C-A7EF491709E3} = {4AEB75A9-0E1B-432D-B470-A2133AD56763}
		{5BB2D61E-3176-47E6-A955-22BBEF82B2D6} = {4AEB75A9-0E1B-432D-B470-A2133AD56763}
		{AB03AD20-7A50-4C62-BDB3-31DF628F8856} = {4AEB75A9-0E1B-432D-B470-A2133AD56763}
	EndGlobalSection
	GlobalSection(ExtensibilityGlobals) = postSolution
		SolutionGuid = {42AFC882-46F0-4522-A391-63C5F6E41A22}
	EndGlobalSection
EndGlobal
